PODS:
  - apple_maps_flutter (0.0.1):
    - Flutter
  - Flutter (1.0.0)
  - flutter_blue_plus_darwin (0.0.2):
    - Flutter
    - FlutterMacOS
  - geolocator_apple (1.2.0):
    - Flutter
  - path_provider_foundation (0.0.1):
    - Flutter
    - FlutterMacOS
  - uwb (0.0.1):
    - Flutter

DEPENDENCIES:
  - apple_maps_flutter (from `.symlinks/plugins/apple_maps_flutter/ios`)
  - Flutter (from `Flutter`)
  - flutter_blue_plus_darwin (from `.symlinks/plugins/flutter_blue_plus_darwin/darwin`)
  - geolocator_apple (from `.symlinks/plugins/geolocator_apple/ios`)
  - path_provider_foundation (from `.symlinks/plugins/path_provider_foundation/darwin`)
  - uwb (from `.symlinks/plugins/uwb/ios`)

EXTERNAL SOURCES:
  apple_maps_flutter:
    :path: ".symlinks/plugins/apple_maps_flutter/ios"
  Flutter:
    :path: Flutter
  flutter_blue_plus_darwin:
    :path: ".symlinks/plugins/flutter_blue_plus_darwin/darwin"
  geolocator_apple:
    :path: ".symlinks/plugins/geolocator_apple/ios"
  path_provider_foundation:
    :path: ".symlinks/plugins/path_provider_foundation/darwin"
  uwb:
    :path: ".symlinks/plugins/uwb/ios"

SPEC CHECKSUMS:
  apple_maps_flutter: c59725efea39e13e703cde52a1d2b14866ad68a8
  Flutter: e0871f40cf51350855a761d2e70bf5af5b9b5de7
  flutter_blue_plus_darwin: 3ea4ec9133b377febcc8a70b28cd2d2dc9242bd9
  geolocator_apple: 9bcea1918ff7f0062d98345d238ae12718acfbc1
  path_provider_foundation: 2b6b4c569c0fb62ec74538f866245ac84301af46
  uwb: 57c738f8a80721f171dcbfcae60a1928b635bc2a

PODFILE CHECKSUM: 77dab67ec84771e74df42cbe4632555e6239bcad

COCOAPODS: 1.16.2
